// !$*UTF8*$!
{
	archiveVersion = 1;
	classes = {
	};
	objectVersion = 55;
	objects = {

/* Begin PBXBuildFile section */
		BF9744892751712500668D40 /* GraphicsPrimitivesApp.swift in Sources */ = {isa = PBXBuildFile; fileRef = BF9744882751712500668D40 /* GraphicsPrimitivesApp.swift */; };
		BF97448B2751712500668D40 /* GraphicsPrimitivesDocument.swift in Sources */ = {isa = PBXBuildFile; fileRef = BF97448A2751712500668D40 /* GraphicsPrimitivesDocument.swift */; };
		BF97448D2751712500668D40 /* ContentView.swift in Sources */ = {isa = PBXBuildFile; fileRef = BF97448C2751712500668D40 /* ContentView.swift */; };
		BF97448F2751712600668D40 /* Assets.xcassets in Resources */ = {isa = PBXBuildFile; fileRef = BF97448E2751712600668D40 /* Assets.xcassets */; };
		BF9744922751712600668D40 /* Preview Assets.xcassets in Resources */ = {isa = PBXBuildFile; fileRef = BF9744912751712600668D40 /* Preview Assets.xcassets */; };
		BF97449D2751712600668D40 /* GraphicsPrimitivesTests.swift in Sources */ = {isa = PBXBuildFile; fileRef = BF97449C2751712600668D40 /* GraphicsPrimitivesTests.swift */; };
		BF9744A72751712600668D40 /* GraphicsPrimitivesUITests.swift in Sources */ = {isa = PBXBuildFile; fileRef = BF9744A62751712600668D40 /* GraphicsPrimitivesUITests.swift */; };
		BF9744A92751712600668D40 /* GraphicsPrimitivesUITestsLaunchTests.swift in Sources */ = {isa = PBXBuildFile; fileRef = BF9744A82751712600668D40 /* GraphicsPrimitivesUITestsLaunchTests.swift */; };
/* End PBXBuildFile section */

/* Begin PBXContainerItemProxy section */
		BF9744992751712600668D40 /* PBXContainerItemProxy */ = {
			isa = PBXContainerItemProxy;
			containerPortal = BF97447D2751712500668D40 /* Project object */;
			proxyType = 1;
			remoteGlobalIDString = BF9744842751712500668D40;
			remoteInfo = GraphicsPrimitives;
		};
		BF9744A32751712600668D40 /* PBXContainerItemProxy */ = {
			isa = PBXContainerItemProxy;
			containerPortal = BF97447D2751712500668D40 /* Project object */;
			proxyType = 1;
			remoteGlobalIDString = BF9744842751712500668D40;
			remoteInfo = GraphicsPrimitives;
		};
/* End PBXContainerItemProxy section */

/* Begin PBXFileReference section */
		BF9744852751712500668D40 /* GraphicsPrimitives.app */ = {isa = PBXFileReference; explicitFileType = wrapper.application; includeInIndex = 0; path = GraphicsPrimitives.app; sourceTree = BUILT_PRODUCTS_DIR; };
		BF9744882751712500668D40 /* GraphicsPrimitivesApp.swift */ = {isa = PBXFileReference; lastKnownFileType = sourcecode.swift; path = GraphicsPrimitivesApp.swift; sourceTree = "<group>"; };
		BF97448A2751712500668D40 /* GraphicsPrimitivesDocument.swift */ = {isa = PBXFileReference; lastKnownFileType = sourcecode.swift; path = GraphicsPrimitivesDocument.swift; sourceTree = "<group>"; };
		BF97448C2751712500668D40 /* ContentView.swift */ = {isa = PBXFileReference; lastKnownFileType = sourcecode.swift; path = ContentView.swift; sourceTree = "<group>"; };
		BF97448E2751712600668D40 /* Assets.xcassets */ = {isa = PBXFileReference; lastKnownFileType = folder.assetcatalog; path = Assets.xcassets; sourceTree = "<group>"; };
		BF9744912751712600668D40 /* Preview Assets.xcassets */ = {isa = PBXFileReference; lastKnownFileType = folder.assetcatalog; path = "Preview Assets.xcassets"; sourceTree = "<group>"; };
		BF9744932751712600668D40 /* Info.plist */ = {isa = PBXFileReference; lastKnownFileType = text.plist.xml; path = Info.plist; sourceTree = "<group>"; };
		BF9744982751712600668D40 /* GraphicsPrimitivesTests.xctest */ = {isa = PBXFileReference; explicitFileType = wrapper.cfbundle; includeInIndex = 0; path = GraphicsPrimitivesTests.xctest; sourceTree = BUILT_PRODUCTS_DIR; };
		BF97449C2751712600668D40 /* GraphicsPrimitivesTests.swift */ = {isa = PBXFileReference; lastKnownFileType = sourcecode.swift; path = GraphicsPrimitivesTests.swift; sourceTree = "<group>"; };
		BF9744A22751712600668D40 /* GraphicsPrimitivesUITests.xctest */ = {isa = PBXFileReference; explicitFileType = wrapper.cfbundle; includeInIndex = 0; path = GraphicsPrimitivesUITests.xctest; sourceTree = BUILT_PRODUCTS_DIR; };
		BF9744A62751712600668D40 /* GraphicsPrimitivesUITests.swift */ = {isa = PBXFileReference; lastKnownFileType = sourcecode.swift; path = GraphicsPrimitivesUITests.swift; sourceTree = "<group>"; };
		BF9744A82751712600668D40 /* GraphicsPrimitivesUITestsLaunchTests.swift */ = {isa = PBXFileReference; lastKnownFileType = sourcecode.swift; path = GraphicsPrimitivesUITestsLaunchTests.swift; sourceTree = "<group>"; };
/* End PBXFileReference section */

/* Begin PBXFrameworksBuildPhase section */
		BF9744822751712500668D40 /* Frameworks */ = {
			isa = PBXFrameworksBuildPhase;
			buildActionMask = 2147483647;
			files = (
			);
			runOnlyForDeploymentPostprocessing = 0;
		};
		BF9744952751712600668D40 /* Frameworks */ = {
			isa = PBXFrameworksBuildPhase;
			buildActionMask = 2147483647;
			files = (
			);
			runOnlyForDeploymentPostprocessing = 0;
		};
		BF97449F2751712600668D40 /* Frameworks */ = {
			isa = PBXFrameworksBuildPhase;
			buildActionMask = 2147483647;
			files = (
			);
			runOnlyForDeploymentPostprocessing = 0;
		};
/* End PBXFrameworksBuildPhase section */

/* Begin PBXGroup section */
		BF97447C2751712500668D40 = {
			isa = PBXGroup;
			children = (
				BF9744872751712500668D40 /* GraphicsPrimitives */,
				BF97449B2751712600668D40 /* GraphicsPrimitivesTests */,
				BF9744A52751712600668D40 /* GraphicsPrimitivesUITests */,
				BF9744862751712500668D40 /* Products */,
			);
			sourceTree = "<group>";
		};
		BF9744862751712500668D40 /* Products */ = {
			isa = PBXGroup;
			children = (
				BF9744852751712500668D40 /* GraphicsPrimitives.app */,
				BF9744982751712600668D40 /* GraphicsPrimitivesTests.xctest */,
				BF9744A22751712600668D40 /* GraphicsPrimitivesUITests.xctest */,
			);
			name = Products;
			sourceTree = "<group>";
		};
		BF9744872751712500668D40 /* GraphicsPrimitives */ = {
			isa = PBXGroup;
			children = (
				BF9744882751712500668D40 /* GraphicsPrimitivesApp.swift */,
				BF97448A2751712500668D40 /* GraphicsPrimitivesDocument.swift */,
				BF97448C2751712500668D40 /* ContentView.swift */,
				BF97448E2751712600668D40 /* Assets.xcassets */,
				BF9744932751712600668D40 /* Info.plist */,
				BF9744902751712600668D40 /* Preview Content */,
			);
			path = GraphicsPrimitives;
			sourceTree = "<group>";
		};
		BF9744902751712600668D40 /* Preview Content */ = {
			isa = PBXGroup;
			children = (
				BF9744912751712600668D40 /* Preview Assets.xcassets */,
			);
			path = "Preview Content";
			sourceTree = "<group>";
		};
		BF97449B2751712600668D40 /* GraphicsPrimitivesTests */ = {
			isa = PBXGroup;
			children = (
				BF97449C2751712600668D40 /* GraphicsPrimitivesTests.swift */,
			);
			path = GraphicsPrimitivesTests;
			sourceTree = "<group>";
		};
		BF9744A52751712600668D40 /* GraphicsPrimitivesUITests */ = {
			isa = PBXGroup;
			children = (
				BF9744A62751712600668D40 /* GraphicsPrimitivesUITests.swift */,
				BF9744A82751712600668D40 /* GraphicsPrimitivesUITestsLaunchTests.swift */,
			);
			path = GraphicsPrimitivesUITests;
			sourceTree = "<group>";
		};
/* End PBXGroup section */

/* Begin PBXNativeTarget section */
		BF9744842751712500668D40 /* GraphicsPrimitives */ = {
			isa = PBXNativeTarget;
			buildConfigurationList = BF9744AC2751712600668D40 /* Build configuration list for PBXNativeTarget "GraphicsPrimitives" */;
			buildPhases = (
				BF9744812751712500668D40 /* Sources */,
				BF9744822751712500668D40 /* Frameworks */,
				BF9744832751712500668D40 /* Resources */,
			);
			buildRules = (
			);
			dependencies = (
			);
			name = GraphicsPrimitives;
			productName = GraphicsPrimitives;
			productReference = BF9744852751712500668D40 /* GraphicsPrimitives.app */;
			productType = "com.apple.product-type.application";
		};
		BF9744972751712600668D40 /* GraphicsPrimitivesTests */ = {
			isa = PBXNativeTarget;
			buildConfigurationList = BF9744AF2751712600668D40 /* Build configuration list for PBXNativeTarget "GraphicsPrimitivesTests" */;
			buildPhases = (
				BF9744942751712600668D40 /* Sources */,
				BF9744952751712600668D40 /* Frameworks */,
				BF9744962751712600668D40 /* Resources */,
			);
			buildRules = (
			);
			dependencies = (
				BF97449A2751712600668D40 /* PBXTargetDependency */,
			);
			name = GraphicsPrimitivesTests;
			productName = GraphicsPrimitivesTests;
			productReference = BF9744982751712600668D40 /* GraphicsPrimitivesTests.xctest */;
			productType = "com.apple.product-type.bundle.unit-test";
		};
		BF9744A12751712600668D40 /* GraphicsPrimitivesUITests */ = {
			isa = PBXNativeTarget;
			buildConfigurationList = BF9744B22751712600668D40 /* Build configuration list for PBXNativeTarget "GraphicsPrimitivesUITests" */;
			buildPhases = (
				BF97449E2751712600668D40 /* Sources */,
				BF97449F2751712600668D40 /* Frameworks */,
				BF9744A02751712600668D40 /* Resources */,
			);
			buildRules = (
			);
			dependencies = (
				BF9744A42751712600668D40 /* PBXTargetDependency */,
			);
			name = GraphicsPrimitivesUITests;
			productName = GraphicsPrimitivesUITests;
			productReference = BF9744A22751712600668D40 /* GraphicsPrimitivesUITests.xctest */;
			productType = "com.apple.product-type.bundle.ui-testing";
		};
/* End PBXNativeTarget section */

/* Begin PBXProject section */
		BF97447D2751712500668D40 /* Project object */ = {
			isa = PBXProject;
			attributes = {
				BuildIndependentTargetsInParallel = 1;
				LastSwiftUpdateCheck = 1310;
				LastUpgradeCheck = 1310;
				TargetAttributes = {
					BF9744842751712500668D40 = {
						CreatedOnToolsVersion = 13.1;
					};
					BF9744972751712600668D40 = {
						CreatedOnToolsVersion = 13.1;
						TestTargetID = BF9744842751712500668D40;
					};
					BF9744A12751712600668D40 = {
						CreatedOnToolsVersion = 13.1;
						TestTargetID = BF9744842751712500668D40;
					};
				};
			};
			buildConfigurationList = BF9744802751712500668D40 /* Build configuration list for PBXProject "GraphicsPrimitives" */;
			compatibilityVersion = "Xcode 13.0";
			developmentRegion = en;
			hasScannedForEncodings = 0;
			knownRegions = (
				en,
				Base,
			);
			mainGroup = BF97447C2751712500668D40;
			productRefGroup = BF9744862751712500668D40 /* Products */;
			projectDirPath = "";
			projectRoot = "";
			targets = (
				BF9744842751712500668D40 /* GraphicsPrimitives */,
				BF9744972751712600668D40 /* GraphicsPrimitivesTests */,
				BF9744A12751712600668D40 /* GraphicsPrimitivesUITests */,
			);
		};
/* End PBXProject section */

/* Begin PBXResourcesBuildPhase section */
		BF9744832751712500668D40 /* Resources */ = {
			isa = PBXResourcesBuildPhase;
			buildActionMask = 2147483647;
			files = (
				BF9744922751712600668D40 /* Preview Assets.xcassets in Resources */,
				BF97448F2751712600668D40 /* Assets.xcassets in Resources */,
			);
			runOnlyForDeploymentPostprocessing = 0;
		};
		BF9744962751712600668D40 /* Resources */ = {
			isa = PBXResourcesBuildPhase;
			buildActionMask = 2147483647;
			files = (
			);
			runOnlyForDeploymentPostprocessing = 0;
		};
		BF9744A02751712600668D40 /* Resources */ = {
			isa = PBXResourcesBuildPhase;
			buildActionMask = 2147483647;
			files = (
			);
			runOnlyForDeploymentPostprocessing = 0;
		};
/* End PBXResourcesBuildPhase section */

/* Begin PBXSourcesBuildPhase section */
		BF9744812751712500668D40 /* Sources */ = {
			isa = PBXSourcesBuildPhase;
			buildActionMask = 2147483647;
			files = (
				BF97448B2751712500668D40 /* GraphicsPrimitivesDocument.swift in Sources */,
				BF9744892751712500668D40 /* GraphicsPrimitivesApp.swift in Sources */,
				BF97448D2751712500668D40 /* ContentView.swift in Sources */,
			);
			runOnlyForDeploymentPostprocessing = 0;
		};
		BF9744942751712600668D40 /* Sources */ = {
			isa = PBXSourcesBuildPhase;
			buildActionMask = 2147483647;
			files = (
				BF97449D2751712600668D40 /* GraphicsPrimitivesTests.swift in Sources */,
			);
			runOnlyForDeploymentPostprocessing = 0;
		};
		BF97449E2751712600668D40 /* Sources */ = {
			isa = PBXSourcesBuildPhase;
			buildActionMask = 2147483647;
			files = (
				BF9744A72751712600668D40 /* GraphicsPrimitivesUITests.swift in Sources */,
				BF9744A92751712600668D40 /* GraphicsPrimitivesUITestsLaunchTests.swift in Sources */,
			);
			runOnlyForDeploymentPostprocessing = 0;
		};
/* End PBXSourcesBuildPhase section */

/* Begin PBXTargetDependency section */
		BF97449A2751712600668D40 /* PBXTargetDependency */ = {
			isa = PBXTargetDependency;
			target = BF9744842751712500668D40 /* GraphicsPrimitives */;
			targetProxy = BF9744992751712600668D40 /* PBXContainerItemProxy */;
		};
		BF9744A42751712600668D40 /* PBXTargetDependency */ = {
			isa = PBXTargetDependency;
			target = BF9744842751712500668D40 /* GraphicsPrimitives */;
			targetProxy = BF9744A32751712600668D40 /* PBXContainerItemProxy */;
		};
/* End PBXTargetDependency section */

/* Begin XCBuildConfiguration section */
		BF9744AA2751712600668D40 /* Debug */ = {
			isa = XCBuildConfiguration;
			buildSettings = {
				ALWAYS_SEARCH_USER_PATHS = NO;
				CLANG_ANALYZER_NONNULL = YES;
				CLANG_ANALYZER_NUMBER_OBJECT_CONVERSION = YES_AGGRESSIVE;
				CLANG_CXX_LANGUAGE_STANDARD = "gnu++17";
				CLANG_CXX_LIBRARY = "libc++";
				CLANG_ENABLE_MODULES = YES;
				CLANG_ENABLE_OBJC_ARC = YES;
				CLANG_ENABLE_OBJC_WEAK = YES;
				CLANG_WARN_BLOCK_CAPTURE_AUTORELEASING = YES;
				CLANG_WARN_BOOL_CONVERSION = YES;
				CLANG_WARN_COMMA = YES;
				CLANG_WARN_CONSTANT_CONVERSION = YES;
				CLANG_WARN_DEPRECATED_OBJC_IMPLEMENTATIONS = YES;
				CLANG_WARN_DIRECT_OBJC_ISA_USAGE = YES_ERROR;
				CLANG_WARN_DOCUMENTATION_COMMENTS = YES;
				CLANG_WARN_EMPTY_BODY = YES;
				CLANG_WARN_ENUM_CONVERSION = YES;
				CLANG_WARN_INFINITE_RECURSION = YES;
				CLANG_WARN_INT_CONVERSION = YES;
				CLANG_WARN_NON_LITERAL_NULL_CONVERSION = YES;
				CLANG_WARN_OBJC_IMPLICIT_RETAIN_SELF = YES;
				CLANG_WARN_OBJC_LITERAL_CONVERSION = YES;
				CLANG_WARN_OBJC_ROOT_CLASS = YES_ERROR;
				CLANG_WARN_QUOTED_INCLUDE_IN_FRAMEWORK_HEADER = YES;
				CLANG_WARN_RANGE_LOOP_ANALYSIS = YES;
				CLANG_WARN_STRICT_PROTOTYPES = YES;
				CLANG_WARN_SUSPICIOUS_MOVE = YES;
				CLANG_WARN_UNGUARDED_AVAILABILITY = YES_AGGRESSIVE;
				CLANG_WARN_UNREACHABLE_CODE = YES;
				CLANG_WARN__DUPLICATE_METHOD_MATCH = YES;
				COPY_PHASE_STRIP = NO;
				DEBUG_INFORMATION_FORMAT = dwarf;
				ENABLE_STRICT_OBJC_MSGSEND = YES;
				ENABLE_TESTABILITY = YES;
				GCC_C_LANGUAGE_STANDARD = gnu11;
				GCC_DYNAMIC_NO_PIC = NO;
				GCC_NO_COMMON_BLOCKS = YES;
				GCC_OPTIMIZATION_LEVEL = 0;
				GCC_PREPROCESSOR_DEFINITIONS = (
					"DEBUG=1",
					"$(inherited)",
				);
				GCC_WARN_64_TO_32_BIT_CONVERSION = YES;
				GCC_WARN_ABOUT_RETURN_TYPE = YES_ERROR;
				GCC_WARN_UNDECLARED_SELECTOR = YES;
				GCC_WARN_UNINITIALIZED_AUTOS = YES_AGGRESSIVE;
				GCC_WARN_UNUSED_FUNCTION = YES;
				GCC_WARN_UNUSED_VARIABLE = YES;
				IPHONEOS_DEPLOYMENT_TARGET = 15.0;
				MTL_ENABLE_DEBUG_INFO = INCLUDE_SOURCE;
				MTL_FAST_MATH = YES;
				ONLY_ACTIVE_ARCH = YES;
				SDKROOT = iphoneos;
				SWIFT_ACTIVE_COMPILATION_CONDITIONS = DEBUG;
				SWIFT_OPTIMIZATION_LEVEL = "-Onone";
			};
			name = Debug;
		};
		BF9744AB2751712600668D40 /* Release */ = {
			isa = XCBuildConfiguration;
			buildSettings = {
				ALWAYS_SEARCH_USER_PATHS = NO;
				CLANG_ANALYZER_NONNULL = YES;
				CLANG_ANALYZER_NUMBER_OBJECT_CONVERSION = YES_AGGRESSIVE;
				CLANG_CXX_LANGUAGE_STANDARD = "gnu++17";
				CLANG_CXX_LIBRARY = "libc++";
				CLANG_ENABLE_MODULES = YES;
				CLANG_ENABLE_OBJC_ARC = YES;
				CLANG_ENABLE_OBJC_WEAK = YES;
				CLANG_WARN_BLOCK_CAPTURE_AUTORELEASING = YES;
				CLANG_WARN_BOOL_CONVERSION = YES;
				CLANG_WARN_COMMA = YES;
				CLANG_WARN_CONSTANT_CONVERSION = YES;
				CLANG_WARN_DEPRECATED_OBJC_IMPLEMENTATIONS = YES;
				CLANG_WARN_DIRECT_OBJC_ISA_USAGE = YES_ERROR;
				CLANG_WARN_DOCUMENTATION_COMMENTS = YES;
				CLANG_WARN_EMPTY_BODY = YES;
				CLANG_WARN_ENUM_CONVERSION = YES;
				CLANG_WARN_INFINITE_RECURSION = YES;
				CLANG_WARN_INT_CONVERSION = YES;
				CLANG_WARN_NON_LITERAL_NULL_CONVERSION = YES;
				CLANG_WARN_OBJC_IMPLICIT_RETAIN_SELF = YES;
				CLANG_WARN_OBJC_LITERAL_CONVERSION = YES;
				CLANG_WARN_OBJC_ROOT_CLASS = YES_ERROR;
				CLANG_WARN_QUOTED_INCLUDE_IN_FRAMEWORK_HEADER = YES;
				CLANG_WARN_RANGE_LOOP_ANALYSIS = YES;
				CLANG_WARN_STRICT_PROTOTYPES = YES;
				CLANG_WARN_SUSPICIOUS_MOVE = YES;
				CLANG_WARN_UNGUARDED_AVAILABILITY = YES_AGGRESSIVE;
				CLANG_WARN_UNREACHABLE_CODE = YES;
				CLANG_WARN__DUPLICATE_METHOD_MATCH = YES;
				COPY_PHASE_STRIP = NO;
				DEBUG_INFORMATION_FORMAT = "dwarf-with-dsym";
				ENABLE_NS_ASSERTIONS = NO;
				ENABLE_STRICT_OBJC_MSGSEND = YES;
				GCC_C_LANGUAGE_STANDARD = gnu11;
				GCC_NO_COMMON_BLOCKS = YES;
				GCC_WARN_64_TO_32_BIT_CONVERSION = YES;
				GCC_WARN_ABOUT_RETURN_TYPE = YES_ERROR;
				GCC_WARN_UNDECLARED_SELECTOR = YES;
				GCC_WARN_UNINITIALIZED_AUTOS = YES_AGGRESSIVE;
				GCC_WARN_UNUSED_FUNCTION = YES;
				GCC_WARN_UNUSED_VARIABLE = YES;
				IPHONEOS_DEPLOYMENT_TARGET = 15.0;
				MTL_ENABLE_DEBUG_INFO = NO;
				MTL_FAST_MATH = YES;
				SDKROOT = iphoneos;
				SWIFT_COMPILATION_MODE = wholemodule;
				SWIFT_OPTIMIZATION_LEVEL = "-O";
				VALIDATE_PRODUCT = YES;
			};
			name = Release;
		};
		BF9744AD2751712600668D40 /* Debug */ = {
			isa = XCBuildConfiguration;
			buildSettings = {
				ASSETCATALOG_COMPILER_APPICON_NAME = AppIcon;
				ASSETCATALOG_COMPILER_GLOBAL_ACCENT_COLOR_NAME = AccentColor;
				CODE_SIGN_STYLE = Automatic;
				CURRENT_PROJECT_VERSION = 1;
				DEVELOPMENT_ASSET_PATHS = "\"GraphicsPrimitives/Preview Content\"";
				ENABLE_PREVIEWS = YES;
				GENERATE_INFOPLIST_FILE = YES;
				INFOPLIST_FILE = GraphicsPrimitives/Info.plist;
				INFOPLIST_KEY_UIApplicationSceneManifest_Generation = YES;
				INFOPLIST_KEY_UIApplicationSupportsIndirectInputEvents = YES;
				INFOPLIST_KEY_UILaunchScreen_Generation = YES;
				INFOPLIST_KEY_UISupportedInterfaceOrientations_iPad = "UIInterfaceOrientationPortrait UIInterfaceOrientationPortraitUpsideDown UIInterfaceOrientationLandscapeLeft UIInterfaceOrientationLandscapeRight";
				INFOPLIST_KEY_UISupportedInterfaceOrientations_iPhone = "UIInterfaceOrientationPortrait UIInterfaceOrientationLandscapeLeft UIInterfaceOrientationLandscapeRight";
				INFOPLIST_KEY_UISupportsDocumentBrowser = YES;
				LD_RUNPATH_SEARCH_PATHS = (
					"$(inherited)",
					"@executable_path/Frameworks",
				);
				MARKETING_VERSION = 1.0;
				PRODUCT_BUNDLE_IDENTIFIER = ii.GraphicsPrimitives;
				PRODUCT_NAME = "$(TARGET_NAME)";
				SWIFT_EMIT_LOC_STRINGS = YES;
				SWIFT_VERSION = 5.0;
				TARGETED_DEVICE_FAMILY = "1,2";
			};
			name = Debug;
		};
		BF9744AE2751712600668D40 /* Release */ = {
			isa = XCBuildConfiguration;
			buildSettings = {
				ASSETCATALOG_COMPILER_APPICON_NAME = AppIcon;
				ASSETCATALOG_COMPILER_GLOBAL_ACCENT_COLOR_NAME = AccentColor;
				CODE_SIGN_STYLE = Automatic;
				CURRENT_PROJECT_VERSION = 1;
				DEVELOPMENT_ASSET_PATHS = "\"GraphicsPrimitives/Preview Content\"";
				ENABLE_PREVIEWS = YES;
				GENERATE_INFOPLIST_FILE = YES;
				INFOPLIST_FILE = GraphicsPrimitives/Info.plist;
				INFOPLIST_KEY_UIApplicationSceneManifest_Generation = YES;
				INFOPLIST_KEY_UIApplicationSupportsIndirectInputEvents = YES;
				INFOPLIST_KEY_UILaunchScreen_Generation = YES;
				INFOPLIST_KEY_UISupportedInterfaceOrientations_iPad = "UIInterfaceOrientationPortrait UIInterfaceOrientationPortraitUpsideDown UIInterfaceOrientationLandscapeLeft UIInterfaceOrientationLandscapeRight";
				INFOPLIST_KEY_UISupportedInterfaceOrientations_iPhone = "UIInterfaceOrientationPortrait UIInterfaceOrientationLandscapeLeft UIInterfaceOrientationLandscapeRight";
				INFOPLIST_KEY_UISupportsDocumentBrowser = YES;
				LD_RUNPATH_SEARCH_PATHS = (
					"$(inherited)",
					"@executable_path/Frameworks",
				);
				MARKETING_VERSION = 1.0;
				PRODUCT_BUNDLE_IDENTIFIER = ii.GraphicsPrimitives;
				PRODUCT_NAME = "$(TARGET_NAME)";
				SWIFT_EMIT_LOC_STRINGS = YES;
				SWIFT_VERSION = 5.0;
				TARGETED_DEVICE_FAMILY = "1,2";
			};
			name = Release;
		};
		BF9744B02751712600668D40 /* Debug */ = {
			isa = XCBuildConfiguration;
			buildSettings = {
				ALWAYS_EMBED_SWIFT_STANDARD_LIBRARIES = YES;
				BUNDLE_LOADER = "$(TEST_HOST)";
				CODE_SIGN_STYLE = Automatic;
				CURRENT_PROJECT_VERSION = 1;
				GENERATE_INFOPLIST_FILE = YES;
				IPHONEOS_DEPLOYMENT_TARGET = 15.0;
				LD_RUNPATH_SEARCH_PATHS = (
					"$(inherited)",
					"@executable_path/Frameworks",
					"@loader_path/Frameworks",
				);
				MARKETING_VERSION = 1.0;
				PRODUCT_BUNDLE_IDENTIFIER = ii.GraphicsPrimitivesTests;
				PRODUCT_NAME = "$(TARGET_NAME)";
				SWIFT_EMIT_LOC_STRINGS = NO;
				SWIFT_VERSION = 5.0;
				TARGETED_DEVICE_FAMILY = "1,2";
				TEST_HOST = "$(BUILT_PRODUCTS_DIR)/GraphicsPrimitives.app/GraphicsPrimitives";
			};
			name = Debug;
		};
		BF9744B12751712600668D40 /* Release */ = {
			isa = XCBuildConfiguration;
			buildSettings = {
				ALWAYS_EMBED_SWIFT_STANDARD_LIBRARIES = YES;
				BUNDLE_LOADER = "$(TEST_HOST)";
				CODE_SIGN_STYLE = Automatic;
				CURRENT_PROJECT_VERSION = 1;
				GENERATE_INFOPLIST_FILE = YES;
				IPHONEOS_DEPLOYMENT_TARGET = 15.0;
				LD_RUNPATH_SEARCH_PATHS = (
					"$(inherited)",
					"@executable_path/Frameworks",
					"@loader_path/Frameworks",
				);
				MARKETING_VERSION = 1.0;
				PRODUCT_BUNDLE_IDENTIFIER = ii.GraphicsPrimitivesTests;
				PRODUCT_NAME = "$(TARGET_NAME)";
				SWIFT_EMIT_LOC_STRINGS = NO;
				SWIFT_VERSION = 5.0;
				TARGETED_DEVICE_FAMILY = "1,2";
				TEST_HOST = "$(BUILT_PRODUCTS_DIR)/GraphicsPrimitives.app/GraphicsPrimitives";
			};
			name = Release;
		};
		BF9744B32751712600668D40 /* Debug */ = {
			isa = XCBuildConfiguration;
			buildSettings = {
				ALWAYS_EMBED_SWIFT_STANDARD_LIBRARIES = YES;
				CODE_SIGN_STYLE = Automatic;
				CURRENT_PROJECT_VERSION = 1;
				GENERATE_INFOPLIST_FILE = YES;
				LD_RUNPATH_SEARCH_PATHS = (
					"$(inherited)",
					"@executable_path/Frameworks",
					"@loader_path/Frameworks",
				);
				MARKETING_VERSION = 1.0;
				PRODUCT_BUNDLE_IDENTIFIER = ii.GraphicsPrimitivesUITests;
				PRODUCT_NAME = "$(TARGET_NAME)";
				SWIFT_EMIT_LOC_STRINGS = NO;
				SWIFT_VERSION = 5.0;
				TARGETED_DEVICE_FAMILY = "1,2";
				TEST_TARGET_NAME = GraphicsPrimitives;
			};
			name = Debug;
		};
		BF9744B42751712600668D40 /* Release */ = {
			isa = XCBuildConfiguration;
			buildSettings = {
				ALWAYS_EMBED_SWIFT_STANDARD_LIBRARIES = YES;
				CODE_SIGN_STYLE = Automatic;
				CURRENT_PROJECT_VERSION = 1;
				GENERATE_INFOPLIST_FILE = YES;
				LD_RUNPATH_SEARCH_PATHS = (
					"$(inherited)",
					"@executable_path/Frameworks",
					"@loader_path/Frameworks",
				);
				MARKETING_VERSION = 1.0;
				PRODUCT_BUNDLE_IDENTIFIER = ii.GraphicsPrimitivesUITests;
				PRODUCT_NAME = "$(TARGET_NAME)";
				SWIFT_EMIT_LOC_STRINGS = NO;
				SWIFT_VERSION = 5.0;
				TARGETED_DEVICE_FAMILY = "1,2";
				TEST_TARGET_NAME = GraphicsPrimitives;
			};
			name = Release;
		};
/* End XCBuildConfiguration section */

/* Begin XCConfigurationList section */
		BF9744802751712500668D40 /* Build configuration list for PBXProject "GraphicsPrimitives" */ = {
			isa = XCConfigurationList;
			buildConfigurations = (
				BF9744AA2751712600668D40 /* Debug */,
				BF9744AB2751712600668D40 /* Release */,
			);
			defaultConfigurationIsVisible = 0;
			defaultConfigurationName = Release;
		};
		BF9744AC2751712600668D40 /* Build configuration list for PBXNativeTarget "GraphicsPrimitives" */ = {
			isa = XCConfigurationList;
			buildConfigurations = (
				BF9744AD2751712600668D40 /* Debug */,
				BF9744AE2751712600668D40 /* Release */,
			);
			defaultConfigurationIsVisible = 0;
			defaultConfigurationName = Release;
		};
		BF9744AF2751712600668D40 /* Build configuration list for PBXNativeTarget "GraphicsPrimitivesTests" */ = {
			isa = XCConfigurationList;
			buildConfigurations = (
				BF9744B02751712600668D40 /* Debug */,
				BF9744B12751712600668D40 /* Release */,
			);
			defaultConfigurationIsVisible = 0;
			defaultConfigurationName = Release;
		};
		BF9744B22751712600668D40 /* Build configuration list for PBXNativeTarget "GraphicsPrimitivesUITests" */ = {
			isa = XCConfigurationList;
			buildConfigurations = (
				BF9744B32751712600668D40 /* Debug */,
				BF9744B42751712600668D40 /* Release */,
			);
			defaultConfigurationIsVisible = 0;
			defaultConfigurationName = Release;
		};
/* End XCConfigurationList section */
	};
	rootObject = BF97447D2751712500668D40 /* Project object */;
}
